
Microsoft Visual Studio Solution File, Format Version 12.00
# Visual Studio Version 17
VisualStudioVersion = 17.0.31903.59
MinimumVisualStudioVersion = 10.0.40219.1
Project("{FAE04EC0-301F-11D3-BF4B-00C04F79EFBC}") = "ProviderStuff.Domain", "ProviderStuff.Domain\ProviderStuff.Domain.csproj", "{B0E72553-845B-48E8-A4B6-7BA63AC670A8}"
EndProject
Project("{FAE04EC0-301F-11D3-BF4B-00C04F79EFBC}") = "ProviderStuff.Data", "ProviderStuff.Data\ProviderStuff.Data.csproj", "{9C7241FE-9B75-4173-9090-5BB0AFEA34B0}"
EndProject
Project("{FAE04EC0-301F-11D3-BF4B-00C04F79EFBC}") = "ProviderStuff.Api", "ProviderStuff.Api\ProviderStuff.Api.csproj", "{64502AE0-F189-4276-839A-B7420B3B5928}"
EndProject
Project("{FAE04EC0-301F-11D3-BF4B-00C04F79EFBC}") = "ProviderStuff.Web", "ProviderStuff.Web\ProviderStuff.Web.csproj", "{25023553-564F-4DBF-B3B2-4A37629594A6}"
EndProject
Project("{FAE04EC0-301F-11D3-BF4B-00C04F79EFBC}") = "ProviderStuff.Agent", "ProviderStuff.Agent\ProviderStuff.Agent.csproj", "{64BB7196-0AAE-48FD-9842-EC08E6CE9CB2}"
EndProject
Project("{FAE04EC0-301F-11D3-BF4B-00C04F79EFBC}") = "ProviderStuff.Tests", "ProviderStuff.Tests\ProviderStuff.Tests.csproj", "{928D0248-B9BA-4290-985A-77DBC097374A}"
EndProject
Global
	GlobalSection(SolutionConfigurationPlatforms) = preSolution
		Debug|Any CPU = Debug|Any CPU
		Debug|x64 = Debug|x64
		Debug|x86 = Debug|x86
		Release|Any CPU = Release|Any CPU
		Release|x64 = Release|x64
		Release|x86 = Release|x86
	EndGlobalSection
	GlobalSection(ProjectConfigurationPlatforms) = postSolution
		{B0E72553-845B-48E8-A4B6-7BA63AC670A8}.Debug|Any CPU.ActiveCfg = Debug|Any CPU
		{B0E72553-845B-48E8-A4B6-7BA63AC670A8}.Debug|Any CPU.Build.0 = Debug|Any CPU
		{B0E72553-845B-48E8-A4B6-7BA63AC670A8}.Debug|x64.ActiveCfg = Debug|Any CPU
		{B0E72553-845B-48E8-A4B6-7BA63AC670A8}.Debug|x64.Build.0 = Debug|Any CPU
		{B0E72553-845B-48E8-A4B6-7BA63AC670A8}.Debug|x86.ActiveCfg = Debug|Any CPU
		{B0E72553-845B-48E8-A4B6-7BA63AC670A8}.Debug|x86.Build.0 = Debug|Any CPU
		{B0E72553-845B-48E8-A4B6-7BA63AC670A8}.Release|Any CPU.ActiveCfg = Release|Any CPU
		{B0E72553-845B-48E8-A4B6-7BA63AC670A8}.Release|Any CPU.Build.0 = Release|Any CPU
		{B0E72553-845B-48E8-A4B6-7BA63AC670A8}.Release|x64.ActiveCfg = Release|Any CPU
		{B0E72553-845B-48E8-A4B6-7BA63AC670A8}.Release|x64.Build.0 = Release|Any CPU
		{B0E72553-845B-48E8-A4B6-7BA63AC670A8}.Release|x86.ActiveCfg = Release|Any CPU
		{B0E72553-845B-48E8-A4B6-7BA63AC670A8}.Release|x86.Build.0 = Release|Any CPU
		{9C7241FE-9B75-4173-9090-5BB0AFEA34B0}.Debug|Any CPU.ActiveCfg = Debug|Any CPU
		{9C7241FE-9B75-4173-9090-5BB0AFEA34B0}.Debug|Any CPU.Build.0 = Debug|Any CPU
		{9C7241FE-9B75-4173-9090-5BB0AFEA34B0}.Debug|x64.ActiveCfg = Debug|Any CPU
		{9C7241FE-9B75-4173-9090-5BB0AFEA34B0}.Debug|x64.Build.0 = Debug|Any CPU
		{9C7241FE-9B75-4173-9090-5BB0AFEA34B0}.Debug|x86.ActiveCfg = Debug|Any CPU
		{9C7241FE-9B75-4173-9090-5BB0AFEA34B0}.Debug|x86.Build.0 = Debug|Any CPU
		{9C7241FE-9B75-4173-9090-5BB0AFEA34B0}.Release|Any CPU.ActiveCfg = Release|Any CPU
		{9C7241FE-9B75-4173-9090-5BB0AFEA34B0}.Release|Any CPU.Build.0 = Release|Any CPU
		{9C7241FE-9B75-4173-9090-5BB0AFEA34B0}.Release|x64.ActiveCfg = Release|Any CPU
		{9C7241FE-9B75-4173-9090-5BB0AFEA34B0}.Release|x64.Build.0 = Release|Any CPU
		{9C7241FE-9B75-4173-9090-5BB0AFEA34B0}.Release|x86.ActiveCfg = Release|Any CPU
		{9C7241FE-9B75-4173-9090-5BB0AFEA34B0}.Release|x86.Build.0 = Release|Any CPU
		{64502AE0-F189-4276-839A-B7420B3B5928}.Debug|Any CPU.ActiveCfg = Debug|Any CPU
		{64502AE0-F189-4276-839A-B7420B3B5928}.Debug|Any CPU.Build.0 = Debug|Any CPU
		{64502AE0-F189-4276-839A-B7420B3B5928}.Debug|x64.ActiveCfg = Debug|Any CPU
		{64502AE0-F189-4276-839A-B7420B3B5928}.Debug|x64.Build.0 = Debug|Any CPU
		{64502AE0-F189-4276-839A-B7420B3B5928}.Debug|x86.ActiveCfg = Debug|Any CPU
		{64502AE0-F189-4276-839A-B7420B3B5928}.Debug|x86.Build.0 = Debug|Any CPU
		{64502AE0-F189-4276-839A-B7420B3B5928}.Release|Any CPU.ActiveCfg = Release|Any CPU
		{64502AE0-F189-4276-839A-B7420B3B5928}.Release|Any CPU.Build.0 = Release|Any CPU
		{64502AE0-F189-4276-839A-B7420B3B5928}.Release|x64.ActiveCfg = Release|Any CPU
		{64502AE0-F189-4276-839A-B7420B3B5928}.Release|x64.Build.0 = Release|Any CPU
		{64502AE0-F189-4276-839A-B7420B3B5928}.Release|x86.ActiveCfg = Release|Any CPU
		{64502AE0-F189-4276-839A-B7420B3B5928}.Release|x86.Build.0 = Release|Any CPU
		{25023553-564F-4DBF-B3B2-4A37629594A6}.Debug|Any CPU.ActiveCfg = Debug|Any CPU
		{25023553-564F-4DBF-B3B2-4A37629594A6}.Debug|Any CPU.Build.0 = Debug|Any CPU
		{25023553-564F-4DBF-B3B2-4A37629594A6}.Debug|x64.ActiveCfg = Debug|Any CPU
		{25023553-564F-4DBF-B3B2-4A37629594A6}.Debug|x64.Build.0 = Debug|Any CPU
		{25023553-564F-4DBF-B3B2-4A37629594A6}.Debug|x86.ActiveCfg = Debug|Any CPU
		{25023553-564F-4DBF-B3B2-4A37629594A6}.Debug|x86.Build.0 = Debug|Any CPU
		{25023553-564F-4DBF-B3B2-4A37629594A6}.Release|Any CPU.ActiveCfg = Release|Any CPU
		{25023553-564F-4DBF-B3B2-4A37629594A6}.Release|Any CPU.Build.0 = Release|Any CPU
		{25023553-564F-4DBF-B3B2-4A37629594A6}.Release|x64.ActiveCfg = Release|Any CPU
		{25023553-564F-4DBF-B3B2-4A37629594A6}.Release|x64.Build.0 = Release|Any CPU
		{25023553-564F-4DBF-B3B2-4A37629594A6}.Release|x86.ActiveCfg = Release|Any CPU
		{25023553-564F-4DBF-B3B2-4A37629594A6}.Release|x86.Build.0 = Release|Any CPU
		{64BB7196-0AAE-48FD-9842-EC08E6CE9CB2}.Debug|Any CPU.ActiveCfg = Debug|Any CPU
		{64BB7196-0AAE-48FD-9842-EC08E6CE9CB2}.Debug|Any CPU.Build.0 = Debug|Any CPU
		{64BB7196-0AAE-48FD-9842-EC08E6CE9CB2}.Debug|x64.ActiveCfg = Debug|Any CPU
		{64BB7196-0AAE-48FD-9842-EC08E6CE9CB2}.Debug|x64.Build.0 = Debug|Any CPU
		{64BB7196-0AAE-48FD-9842-EC08E6CE9CB2}.Debug|x86.ActiveCfg = Debug|Any CPU
		{64BB7196-0AAE-48FD-9842-EC08E6CE9CB2}.Debug|x86.Build.0 = Debug|Any CPU
		{64BB7196-0AAE-48FD-9842-EC08E6CE9CB2}.Release|Any CPU.ActiveCfg = Release|Any CPU
		{64BB7196-0AAE-48FD-9842-EC08E6CE9CB2}.Release|Any CPU.Build.0 = Release|Any CPU
		{64BB7196-0AAE-48FD-9842-EC08E6CE9CB2}.Release|x64.ActiveCfg = Release|Any CPU
		{64BB7196-0AAE-48FD-9842-EC08E6CE9CB2}.Release|x64.Build.0 = Release|Any CPU
		{64BB7196-0AAE-48FD-9842-EC08E6CE9CB2}.Release|x86.ActiveCfg = Release|Any CPU
		{64BB7196-0AAE-48FD-9842-EC08E6CE9CB2}.Release|x86.Build.0 = Release|Any CPU
		{928D0248-B9BA-4290-985A-77DBC097374A}.Debug|Any CPU.ActiveCfg = Debug|Any CPU
		{928D0248-B9BA-4290-985A-77DBC097374A}.Debug|Any CPU.Build.0 = Debug|Any CPU
		{928D0248-B9BA-4290-985A-77DBC097374A}.Debug|x64.ActiveCfg = Debug|Any CPU
		{928D0248-B9BA-4290-985A-77DBC097374A}.Debug|x64.Build.0 = Debug|Any CPU
		{928D0248-B9BA-4290-985A-77DBC097374A}.Debug|x86.ActiveCfg = Debug|Any CPU
		{928D0248-B9BA-4290-985A-77DBC097374A}.Debug|x86.Build.0 = Debug|Any CPU
		{928D0248-B9BA-4290-985A-77DBC097374A}.Release|Any CPU.ActiveCfg = Release|Any CPU
		{928D0248-B9BA-4290-985A-77DBC097374A}.Release|Any CPU.Build.0 = Release|Any CPU
		{928D0248-B9BA-4290-985A-77DBC097374A}.Release|x64.ActiveCfg = Release|Any CPU
		{928D0248-B9BA-4290-985A-77DBC097374A}.Release|x64.Build.0 = Release|Any CPU
		{928D0248-B9BA-4290-985A-77DBC097374A}.Release|x86.ActiveCfg = Release|Any CPU
		{928D0248-B9BA-4290-985A-77DBC097374A}.Release|x86.Build.0 = Release|Any CPU
	EndGlobalSection
	GlobalSection(SolutionProperties) = preSolution
		HideSolutionNode = FALSE
	EndGlobalSection
EndGlobal
